// !$*UTF8*$!
{
	archiveVersion = 1;
	classes = {
	};
	objectVersion = 46;
	objects = {

/* Begin PBXBuildFile section */
		60A2DE5A1B84183A00D824CA /* main.m in Sources */ = {isa = PBXBuildFile; fileRef = 60A2DE591B84183A00D824CA /* main.m */; };
		60A2DE5D1B84183A00D824CA /* AppDelegate.m in Sources */ = {isa = PBXBuildFile; fileRef = 60A2DE5C1B84183A00D824CA /* AppDelegate.m */; };
		60A2DE601B84183A00D824CA /* ViewController.m in Sources */ = {isa = PBXBuildFile; fileRef = 60A2DE5F1B84183A00D824CA /* ViewController.m */; };
		60A2DE631B84183A00D824CA /* Main.storyboard in Resources */ = {isa = PBXBuildFile; fileRef = 60A2DE611B84183A00D824CA /* Main.storyboard */; };
		60A2DE651B84183A00D824CA /* Images.xcassets in Resources */ = {isa = PBXBuildFile; fileRef = 60A2DE641B84183A00D824CA /* Images.xcassets */; };
		60A2DE681B84183A00D824CA /* LaunchScreen.xib in Resources */ = {isa = PBXBuildFile; fileRef = 60A2DE661B84183A00D824CA /* LaunchScreen.xib */; };
		60A2DE741B84183A00D824CA /* NHCalendarProTests.m in Sources */ = {isa = PBXBuildFile; fileRef = 60A2DE731B84183A00D824CA /* NHCalendarProTests.m */; };
		60A2DE7F1B84187700D824CA /* NHCalender.m in Sources */ = {isa = PBXBuildFile; fileRef = 60A2DE7E1B84187700D824CA /* NHCalender.m */; };
		60A2DE841B845D3700D824CA /* NSDate+Common.m in Sources */ = {isa = PBXBuildFile; fileRef = 60A2DE821B845D3700D824CA /* NSDate+Common.m */; };
/* End PBXBuildFile section */

/* Begin PBXContainerItemProxy section */
		60A2DE6E1B84183A00D824CA /* PBXContainerItemProxy */ = {
			isa = PBXContainerItemProxy;
			containerPortal = 60A2DE4C1B84183A00D824CA /* Project object */;
			proxyType = 1;
			remoteGlobalIDString = 60A2DE531B84183A00D824CA;
			remoteInfo = NHCalendarPro;
		};
/* End PBXContainerItemProxy section */

/* Begin PBXFileReference section */
		60A2DE541B84183A00D824CA /* NHCalendarPro.app */ = {isa = PBXFileReference; explicitFileType = wrapper.application; includeInIndex = 0; path = NHCalendarPro.app; sourceTree = BUILT_PRODUCTS_DIR; };
		60A2DE581B84183A00D824CA /* Info.plist */ = {isa = PBXFileReference; lastKnownFileType = text.plist.xml; path = Info.plist; sourceTree = "<group>"; };
		60A2DE591B84183A00D824CA /* main.m */ = {isa = PBXFileReference; lastKnownFileType = sourcecode.c.objc; path = main.m; sourceTree = "<group>"; };
		60A2DE5B1B84183A00D824CA /* AppDelegate.h */ = {isa = PBXFileReference; lastKnownFileType = sourcecode.c.h; path = AppDelegate.h; sourceTree = "<group>"; };
		60A2DE5C1B84183A00D824CA /* AppDelegate.m */ = {isa = PBXFileReference; lastKnownFileType = sourcecode.c.objc; path = AppDelegate.m; sourceTree = "<group>"; };
		60A2DE5E1B84183A00D824CA /* ViewController.h */ = {isa = PBXFileReference; lastKnownFileType = sourcecode.c.h; path = ViewController.h; sourceTree = "<group>"; };
		60A2DE5F1B84183A00D824CA /* ViewController.m */ = {isa = PBXFileReference; lastKnownFileType = sourcecode.c.objc; path = ViewController.m; sourceTree = "<group>"; };
		60A2DE621B84183A00D824CA /* Base */ = {isa = PBXFileReference; lastKnownFileType = file.storyboard; name = Base; path = Base.lproj/Main.storyboard; sourceTree = "<group>"; };
		60A2DE641B84183A00D824CA /* Images.xcassets */ = {isa = PBXFileReference; lastKnownFileType = folder.assetcatalog; path = Images.xcassets; sourceTree = "<group>"; };
		60A2DE671B84183A00D824CA /* Base */ = {isa = PBXFileReference; lastKnownFileType = file.xib; name = Base; path = Base.lproj/LaunchScreen.xib; sourceTree = "<group>"; };
		60A2DE6D1B84183A00D824CA /* NHCalendarProTests.xctest */ = {isa = PBXFileReference; explicitFileType = wrapper.cfbundle; includeInIndex = 0; path = NHCalendarProTests.xctest; sourceTree = BUILT_PRODUCTS_DIR; };
		60A2DE721B84183A00D824CA /* Info.plist */ = {isa = PBXFileReference; lastKnownFileType = text.plist.xml; path = Info.plist; sourceTree = "<group>"; };
		60A2DE731B84183A00D824CA /* NHCalendarProTests.m */ = {isa = PBXFileReference; lastKnownFileType = sourcecode.c.objc; path = NHCalendarProTests.m; sourceTree = "<group>"; };
		60A2DE7D1B84187700D824CA /* NHCalender.h */ = {isa = PBXFileReference; fileEncoding = 4; lastKnownFileType = sourcecode.c.h; name = NHCalender.h; path = NHCalendar/NHCalender.h; sourceTree = "<group>"; };
		60A2DE7E1B84187700D824CA /* NHCalender.m */ = {isa = PBXFileReference; fileEncoding = 4; lastKnownFileType = sourcecode.c.objc; name = NHCalender.m; path = NHCalendar/NHCalender.m; sourceTree = "<group>"; };
		60A2DE801B8419C700D824CA /* NHConstants.h */ = {isa = PBXFileReference; fileEncoding = 4; lastKnownFileType = sourcecode.c.h; path = NHConstants.h; sourceTree = "<group>"; };
		60A2DE821B845D3700D824CA /* NSDate+Common.m */ = {isa = PBXFileReference; fileEncoding = 4; lastKnownFileType = sourcecode.c.objc; path = "NSDate+Common.m"; sourceTree = "<group>"; };
		60A2DE831B845D3700D824CA /* NSDate+Common.h */ = {isa = PBXFileReference; fileEncoding = 4; lastKnownFileType = sourcecode.c.h; path = "NSDate+Common.h"; sourceTree = "<group>"; };
/* End PBXFileReference section */

/* Begin PBXFrameworksBuildPhase section */
		60A2DE511B84183A00D824CA /* Frameworks */ = {
			isa = PBXFrameworksBuildPhase;
			buildActionMask = 2147483647;
			files = (
			);
			runOnlyForDeploymentPostprocessing = 0;
		};
		60A2DE6A1B84183A00D824CA /* Frameworks */ = {
			isa = PBXFrameworksBuildPhase;
			buildActionMask = 2147483647;
			files = (
			);
			runOnlyForDeploymentPostprocessing = 0;
		};
/* End PBXFrameworksBuildPhase section */

/* Begin PBXGroup section */
		60A2DE4B1B84183A00D824CA = {
			isa = PBXGroup;
			children = (
				60A2DE561B84183A00D824CA /* NHCalendarPro */,
				60A2DE701B84183A00D824CA /* NHCalendarProTests */,
				60A2DE551B84183A00D824CA /* Products */,
			);
			sourceTree = "<group>";
		};
		60A2DE551B84183A00D824CA /* Products */ = {
			isa = PBXGroup;
			children = (
				60A2DE541B84183A00D824CA /* NHCalendarPro.app */,
				60A2DE6D1B84183A00D824CA /* NHCalendarProTests.xctest */,
			);
			name = Products;
			sourceTree = "<group>";
		};
		60A2DE561B84183A00D824CA /* NHCalendarPro */ = {
			isa = PBXGroup;
			children = (
				60A2DE811B845D3700D824CA /* utils */,
				60A2DE801B8419C700D824CA /* NHConstants.h */,
				60A2DE7D1B84187700D824CA /* NHCalender.h */,
				60A2DE7E1B84187700D824CA /* NHCalender.m */,
				60A2DE5B1B84183A00D824CA /* AppDelegate.h */,
				60A2DE5C1B84183A00D824CA /* AppDelegate.m */,
				60A2DE5E1B84183A00D824CA /* ViewController.h */,
				60A2DE5F1B84183A00D824CA /* ViewController.m */,
				60A2DE611B84183A00D824CA /* Main.storyboard */,
				60A2DE641B84183A00D824CA /* Images.xcassets */,
				60A2DE661B84183A00D824CA /* LaunchScreen.xib */,
				60A2DE571B84183A00D824CA /* Supporting Files */,
			);
			path = NHCalendarPro;
			sourceTree = "<group>";
		};
		60A2DE571B84183A00D824CA /* Supporting Files */ = {
			isa = PBXGroup;
			children = (
				60A2DE581B84183A00D824CA /* Info.plist */,
				60A2DE591B84183A00D824CA /* main.m */,
			);
			name = "Supporting Files";
			sourceTree = "<group>";
		};
		60A2DE701B84183A00D824CA /* NHCalendarProTests */ = {
			isa = PBXGroup;
			children = (
				60A2DE731B84183A00D824CA /* NHCalendarProTests.m */,
				60A2DE711B84183A00D824CA /* Supporting Files */,
			);
			path = NHCalendarProTests;
			sourceTree = "<group>";
		};
		60A2DE711B84183A00D824CA /* Supporting Files */ = {
			isa = PBXGroup;
			children = (
				60A2DE721B84183A00D824CA /* Info.plist */,
			);
			name = "Supporting Files";
			sourceTree = "<group>";
		};
		60A2DE811B845D3700D824CA /* utils */ = {
			isa = PBXGroup;
			children = (
				60A2DE831B845D3700D824CA /* NSDate+Common.h */,
				60A2DE821B845D3700D824CA /* NSDate+Common.m */,
			);
			path = utils;
			sourceTree = "<group>";
		};
/* End PBXGroup section */

/* Begin PBXNativeTarget section */
		60A2DE531B84183A00D824CA /* NHCalendarPro */ = {
			isa = PBXNativeTarget;
			buildConfigurationList = 60A2DE771B84183A00D824CA /* Build configuration list for PBXNativeTarget "NHCalendarPro" */;
			buildPhases = (
				60A2DE501B84183A00D824CA /* Sources */,
				60A2DE511B84183A00D824CA /* Frameworks */,
				60A2DE521B84183A00D824CA /* Resources */,
			);
			buildRules = (
			);
			dependencies = (
			);
			name = NHCalendarPro;
			productName = NHCalendarPro;
			productReference = 60A2DE541B84183A00D824CA /* NHCalendarPro.app */;
			productType = "com.apple.product-type.application";
		};
		60A2DE6C1B84183A00D824CA /* NHCalendarProTests */ = {
			isa = PBXNativeTarget;
			buildConfigurationList = 60A2DE7A1B84183A00D824CA /* Build configuration list for PBXNativeTarget "NHCalendarProTests" */;
			buildPhases = (
				60A2DE691B84183A00D824CA /* Sources */,
				60A2DE6A1B84183A00D824CA /* Frameworks */,
				60A2DE6B1B84183A00D824CA /* Resources */,
			);
			buildRules = (
			);
			dependencies = (
				60A2DE6F1B84183A00D824CA /* PBXTargetDependency */,
			);
			name = NHCalendarProTests;
			productName = NHCalendarProTests;
			productReference = 60A2DE6D1B84183A00D824CA /* NHCalendarProTests.xctest */;
			productType = "com.apple.product-type.bundle.unit-test";
		};
/* End PBXNativeTarget section */

/* Begin PBXProject section */
		60A2DE4C1B84183A00D824CA /* Project object */ = {
			isa = PBXProject;
			attributes = {
				LastUpgradeCheck = 0640;
				ORGANIZATIONNAME = "hu jiaju";
				TargetAttributes = {
					60A2DE531B84183A00D824CA = {
						CreatedOnToolsVersion = 6.4;
					};
					60A2DE6C1B84183A00D824CA = {
						CreatedOnToolsVersion = 6.4;
						TestTargetID = 60A2DE531B84183A00D824CA;
					};
				};
			};
			buildConfigurationList = 60A2DE4F1B84183A00D824CA /* Build configuration list for PBXProject "NHCalendarPro" */;
			compatibilityVersion = "Xcode 3.2";
			developmentRegion = English;
			hasScannedForEncodings = 0;
			knownRegions = (
				en,
				Base,
			);
			mainGroup = 60A2DE4B1B84183A00D824CA;
			productRefGroup = 60A2DE551B84183A00D824CA /* Products */;
			projectDirPath = "";
			projectRoot = "";
			targets = (
				60A2DE531B84183A00D824CA /* NHCalendarPro */,
				60A2DE6C1B84183A00D824CA /* NHCalendarProTests */,
			);
		};
/* End PBXProject section */

/* Begin PBXResourcesBuildPhase section */
		60A2DE521B84183A00D824CA /* Resources */ = {
			isa = PBXResourcesBuildPhase;
			buildActionMask = 2147483647;
			files = (
				60A2DE631B84183A00D824CA /* Main.storyboard in Resources */,
				60A2DE681B84183A00D824CA /* LaunchScreen.xib in Resources */,
				60A2DE651B84183A00D824CA /* Images.xcassets in Resources */,
			);
			runOnlyForDeploymentPostprocessing = 0;
		};
		60A2DE6B1B84183A00D824CA /* Resources */ = {
			isa = PBXResourcesBuildPhase;
			buildActionMask = 2147483647;
			files = (
			);
			runOnlyForDeploymentPostprocessing = 0;
		};
/* End PBXResourcesBuildPhase section */

/* Begin PBXSourcesBuildPhase section */
		60A2DE501B84183A00D824CA /* Sources */ = {
			isa = PBXSourcesBuildPhase;
			buildActionMask = 2147483647;
			files = (
				60A2DE601B84183A00D824CA /* ViewController.m in Sources */,
				60A2DE5D1B84183A00D824CA /* AppDelegate.m in Sources */,
				60A2DE5A1B84183A00D824CA /* main.m in Sources */,
				60A2DE841B845D3700D824CA /* NSDate+Common.m in Sources */,
				60A2DE7F1B84187700D824CA /* NHCalender.m in Sources */,
			);
			runOnlyForDeploymentPostprocessing = 0;
		};
		60A2DE691B84183A00D824CA /* Sources */ = {
			isa = PBXSourcesBuildPhase;
			buildActionMask = 2147483647;
			files = (
				60A2DE741B84183A00D824CA /* NHCalendarProTests.m in Sources */,
			);
			runOnlyForDeploymentPostprocessing = 0;
		};
/* End PBXSourcesBuildPhase section */

/* Begin PBXTargetDependency section */
		60A2DE6F1B84183A00D824CA /* PBXTargetDependency */ = {
			isa = PBXTargetDependency;
			target = 60A2DE531B84183A00D824CA /* NHCalendarPro */;
			targetProxy = 60A2DE6E1B84183A00D824CA /* PBXContainerItemProxy */;
		};
/* End PBXTargetDependency section */

/* Begin PBXVariantGroup section */
		60A2DE611B84183A00D824CA /* Main.storyboard */ = {
			isa = PBXVariantGroup;
			children = (
				60A2DE621B84183A00D824CA /* Base */,
			);
			name = Main.storyboard;
			sourceTree = "<group>";
		};
		60A2DE661B84183A00D824CA /* LaunchScreen.xib */ = {
			isa = PBXVariantGroup;
			children = (
				60A2DE671B84183A00D824CA /* Base */,
			);
			name = LaunchScreen.xib;
			sourceTree = "<group>";
		};
/* End PBXVariantGroup section */

/* Begin XCBuildConfiguration section */
		60A2DE751B84183A00D824CA /* Debug */ = {
			isa = XCBuildConfiguration;
			buildSettings = {
				ALWAYS_SEARCH_USER_PATHS = NO;
				CLANG_CXX_LANGUAGE_STANDARD = "gnu++0x";
				CLANG_CXX_LIBRARY = "libc++";
				CLANG_ENABLE_MODULES = YES;
				CLANG_ENABLE_OBJC_ARC = YES;
				CLANG_WARN_BOOL_CONVERSION = YES;
				CLANG_WARN_CONSTANT_CONVERSION = YES;
				CLANG_WARN_DIRECT_OBJC_ISA_USAGE = YES_ERROR;
				CLANG_WARN_EMPTY_BODY = YES;
				CLANG_WARN_ENUM_CONVERSION = YES;
				CLANG_WARN_INT_CONVERSION = YES;
				CLANG_WARN_OBJC_ROOT_CLASS = YES_ERROR;
				CLANG_WARN_UNREACHABLE_CODE = YES;
				CLANG_WARN__DUPLICATE_METHOD_MATCH = YES;
				"CODE_SIGN_IDENTITY[sdk=iphoneos*]" = "iPhone Developer";
				COPY_PHASE_STRIP = NO;
				DEBUG_INFORMATION_FORMAT = "dwarf-with-dsym";
				ENABLE_STRICT_OBJC_MSGSEND = YES;
				GCC_C_LANGUAGE_STANDARD = gnu99;
				GCC_DYNAMIC_NO_PIC = NO;
				GCC_NO_COMMON_BLOCKS = YES;
				GCC_OPTIMIZATION_LEVEL = 0;
				GCC_PREPROCESSOR_DEFINITIONS = (
					"DEBUG=1",
					"$(inherited)",
				);
				GCC_SYMBOLS_PRIVATE_EXTERN = NO;
				GCC_WARN_64_TO_32_BIT_CONVERSION = YES;
				GCC_WARN_ABOUT_RETURN_TYPE = YES_ERROR;
				GCC_WARN_UNDECLARED_SELECTOR = YES;
				GCC_WARN_UNINITIALIZED_AUTOS = YES_AGGRESSIVE;
				GCC_WARN_UNUSED_FUNCTION = YES;
				GCC_WARN_UNUSED_VARIABLE = YES;
				IPHONEOS_DEPLOYMENT_TARGET = 8.4;
				MTL_ENABLE_DEBUG_INFO = YES;
				ONLY_ACTIVE_ARCH = YES;
				SDKROOT = iphoneos;
				TARGETED_DEVICE_FAMILY = "1,2";
			};
			name = Debug;
		};
		60A2DE761B84183A00D824CA /* Release */ = {
			isa = XCBuildConfiguration;
			buildSettings = {
				ALWAYS_SEARCH_USER_PATHS = NO;
				CLANG_CXX_LANGUAGE_STANDARD = "gnu++0x";
				CLANG_CXX_LIBRARY = "libc++";
				CLANG_ENABLE_MODULES = YES;
				CLANG_ENABLE_OBJC_ARC = YES;
				CLANG_WARN_BOOL_CONVERSION = YES;
				CLANG_WARN_CONSTANT_CONVERSION = YES;
				CLANG_WARN_DIRECT_OBJC_ISA_USAGE = YES_ERROR;
				CLANG_WARN_EMPTY_BODY = YES;
				CLANG_WARN_ENUM_CONVERSION = YES;
				CLANG_WARN_INT_CONVERSION = YES;
				CLANG_WARN_OBJC_ROOT_CLASS = YES_ERROR;
				CLANG_WARN_UNREACHABLE_CODE = YES;
				CLANG_WARN__DUPLICATE_METHOD_MATCH = YES;
				"CODE_SIGN_IDENTITY[sdk=iphoneos*]" = "iPhone Developer";
				COPY_PHASE_STRIP = NO;
				DEBUG_INFORMATION_FORMAT = "dwarf-with-dsym";
				ENABLE_NS_ASSERTIONS = NO;
				ENABLE_STRICT_OBJC_MSGSEND = YES;
				GCC_C_LANGUAGE_STANDARD = gnu99;
				GCC_NO_COMMON_BLOCKS = YES;
				GCC_WARN_64_TO_32_BIT_CONVERSION = YES;
				GCC_WARN_ABOUT_RETURN_TYPE = YES_ERROR;
				GCC_WARN_UNDECLARED_SELECTOR = YES;
				GCC_WARN_UNINITIALIZED_AUTOS = YES_AGGRESSIVE;
				GCC_WARN_UNUSED_FUNCTION = YES;
				GCC_WARN_UNUSED_VARIABLE = YES;
				IPHONEOS_DEPLOYMENT_TARGET = 8.4;
				MTL_ENABLE_DEBUG_INFO = NO;
				SDKROOT = iphoneos;
				TARGETED_DEVICE_FAMILY = "1,2";
				VALIDATE_PRODUCT = YES;
			};
			name = Release;
		};
		60A2DE781B84183A00D824CA /* Debug */ = {
			isa = XCBuildConfiguration;
			buildSettings = {
				ASSETCATALOG_COMPILER_APPICON_NAME = AppIcon;
				INFOPLIST_FILE = NHCalendarPro/Info.plist;
				IPHONEOS_DEPLOYMENT_TARGET = 7.0;
				LD_RUNPATH_SEARCH_PATHS = "$(inherited) @executable_path/Frameworks";
				PRODUCT_NAME = "$(TARGET_NAME)";
			};
			name = Debug;
		};
		60A2DE791B84183A00D824CA /* Release */ = {
			isa = XCBuildConfiguration;
			buildSettings = {
				ASSETCATALOG_COMPILER_APPICON_NAME = AppIcon;
				INFOPLIST_FILE = NHCalendarPro/Info.plist;
				IPHONEOS_DEPLOYMENT_TARGET = 7.0;
				LD_RUNPATH_SEARCH_PATHS = "$(inherited) @executable_path/Frameworks";
				PRODUCT_NAME = "$(TARGET_NAME)";
			};
			name = Release;
		};
		60A2DE7B1B84183A00D824CA /* Debug */ = {
			isa = XCBuildConfiguration;
			buildSettings = {
				BUNDLE_LOADER = "$(TEST_HOST)";
				FRAMEWORK_SEARCH_PATHS = (
					"$(SDKROOT)/Developer/Library/Frameworks",
					"$(inherited)",
				);
				GCC_PREPROCESSOR_DEFINITIONS = (
					"DEBUG=1",
					"$(inherited)",
				);
				INFOPLIST_FILE = NHCalendarProTests/Info.plist;
				LD_RUNPATH_SEARCH_PATHS = "$(inherited) @executable_path/Frameworks @loader_path/Frameworks";
				PRODUCT_NAME = "$(TARGET_NAME)";
				TEST_HOST = "$(BUILT_PRODUCTS_DIR)/NHCalendarPro.app/NHCalendarPro";
			};
			name = Debug;
		};
		60A2DE7C1B84183A00D824CA /* Release */ = {
			isa = XCBuildConfiguration;
			buildSettings = {
				BUNDLE_LOADER = "$(TEST_HOST)";
				FRAMEWORK_SEARCH_PATHS = (
					"$(SDKROOT)/Developer/Library/Frameworks",
					"$(inherited)",
				);
				INFOPLIST_FILE = NHCalendarProTests/Info.plist;
				LD_RUNPATH_SEARCH_PATHS = "$(inherited) @executable_path/Frameworks @loader_path/Frameworks";
				PRODUCT_NAME = "$(TARGET_NAME)";
				TEST_HOST = "$(BUILT_PRODUCTS_DIR)/NHCalendarPro.app/NHCalendarPro";
			};
			name = Release;
		};
/* End XCBuildConfiguration section */

/* Begin XCConfigurationList section */
		60A2DE4F1B84183A00D824CA /* Build configuration list for PBXProject "NHCalendarPro" */ = {
			isa = XCConfigurationList;
			buildConfigurations = (
				60A2DE751B84183A00D824CA /* Debug */,
				60A2DE761B84183A00D824CA /* Release */,
			);
			defaultConfigurationIsVisible = 0;
			defaultConfigurationName = Release;
		};
		60A2DE771B84183A00D824CA /* Build configuration list for PBXNativeTarget "NHCalendarPro" */ = {
			isa = XCConfigurationList;
			buildConfigurations = (
				60A2DE781B84183A00D824CA /* Debug */,
				60A2DE791B84183A00D824CA /* Release */,
			);
			defaultConfigurationIsVisible = 0;
		};
		60A2DE7A1B84183A00D824CA /* Build configuration list for PBXNativeTarget "NHCalendarProTests" */ = {
			isa = XCConfigurationList;
			buildConfigurations = (
				60A2DE7B1B84183A00D824CA /* Debug */,
				60A2DE7C1B84183A00D824CA /* Release */,
			);
			defaultConfigurationIsVisible = 0;
		};
/* End XCConfigurationList section */
	};
	rootObject = 60A2DE4C1B84183A00D824CA /* Project object */;
}
